
Microsoft Visual Studio Solution File, Format Version 12.00
# Visual Studio Version 17
VisualStudioVersion = 17.14.36811.4
MinimumVisualStudioVersion = 10.0.40219.1
Project("{FAE04EC0-301F-11D3-BF4B-00C04F79EFBC}") = "AgentFrameworkCodeMode", "AgentFrameworkCodeMode\AgentFrameworkCodeMode.csproj", "{F20E2471-B6DB-462C-98C8-A86E68382E14}"
EndProject
Project("{FAE04EC0-301F-11D3-BF4B-00C04F79EFBC}") = "AgentFrameworkCodeMode.Infrastructure", "AgentFrameworkCodeMode.Infrastructure\AgentFrameworkCodeMode.Infrastructure.csproj", "{638E24CB-19BB-4D26-9CF2-A6FF38A5AF76}"
EndProject
Project("{FAE04EC0-301F-11D3-BF4B-00C04F79EFBC}") = "AgentFrameworkCodeMode.Models", "AgentFrameworkCodeMode.Models\AgentFrameworkCodeMode.Models.csproj", "{3A6FD32D-1022-49D0-B1A0-ADBFA3357973}"
EndProject
Global
	GlobalSection(SolutionConfigurationPlatforms) = preSolution
		Debug|Any CPU = Debug|Any CPU
		Release|Any CPU = Release|Any CPU
	EndGlobalSection
	GlobalSection(ProjectConfigurationPlatforms) = postSolution
		{F20E2471-B6DB-462C-98C8-A86E68382E14}.Debug|Any CPU.ActiveCfg = Debug|Any CPU
		{F20E2471-B6DB-462C-98C8-A86E68382E14}.Debug|Any CPU.Build.0 = Debug|Any CPU
		{F20E2471-B6DB-462C-98C8-A86E68382E14}.Release|Any CPU.ActiveCfg = Release|Any CPU
		{F20E2471-B6DB-462C-98C8-A86E68382E14}.Release|Any CPU.Build.0 = Release|Any CPU
		{638E24CB-19BB-4D26-9CF2-A6FF38A5AF76}.Debug|Any CPU.ActiveCfg = Debug|Any CPU
		{638E24CB-19BB-4D26-9CF2-A6FF38A5AF76}.Debug|Any CPU.Build.0 = Debug|Any CPU
		{638E24CB-19BB-4D26-9CF2-A6FF38A5AF76}.Release|Any CPU.ActiveCfg = Release|Any CPU
		{638E24CB-19BB-4D26-9CF2-A6FF38A5AF76}.Release|Any CPU.Build.0 = Release|Any CPU
		{3A6FD32D-1022-49D0-B1A0-ADBFA3357973}.Debug|Any CPU.ActiveCfg = Debug|Any CPU
		{3A6FD32D-1022-49D0-B1A0-ADBFA3357973}.Debug|Any CPU.Build.0 = Debug|Any CPU
		{3A6FD32D-1022-49D0-B1A0-ADBFA3357973}.Release|Any CPU.ActiveCfg = Release|Any CPU
		{3A6FD32D-1022-49D0-B1A0-ADBFA3357973}.Release|Any CPU.Build.0 = Release|Any CPU
	EndGlobalSection
	GlobalSection(SolutionProperties) = preSolution
		HideSolutionNode = FALSE
	EndGlobalSection
	GlobalSection(ExtensibilityGlobals) = postSolution
		SolutionGuid = {303068E7-3F8E-4476-ABEE-12643C150D7D}
	EndGlobalSection
EndGlobal
